
Microsoft Visual Studio Solution File, Format Version 12.00
# Visual Studio Version 16
VisualStudioVersion = 16.0.29411.108
MinimumVisualStudioVersion = 15.0.26124.0
Project("{9A19103F-16F7-4668-BE54-9A1E7A4F7556}") = "keanet", "keanet\keanet.csproj", "{0152DFE1-58D4-4BE8-ABAC-B399E94B6AD8}"
EndProject
Project("{FAE04EC0-301F-11D3-BF4B-00C04F79EFBC}") = "keanetTests", "keanetTests\keanetTests.csproj", "{3904F3DB-0CBC-493E-B09E-03BD94F5054A}"
EndProject
Global
	GlobalSection(SolutionConfigurationPlatforms) = preSolution
		Debug|Any CPU = Debug|Any CPU
		Debug|x64 = Debug|x64
		Debug|x86 = Debug|x86
		Release|Any CPU = Release|Any CPU
		Release|x64 = Release|x64
		Release|x86 = Release|x86
	EndGlobalSection
	GlobalSection(ProjectConfigurationPlatforms) = postSolution
		{0152DFE1-58D4-4BE8-ABAC-B399E94B6AD8}.Debug|Any CPU.ActiveCfg = Debug|Any CPU
		{0152DFE1-58D4-4BE8-ABAC-B399E94B6AD8}.Debug|Any CPU.Build.0 = Debug|Any CPU
		{0152DFE1-58D4-4BE8-ABAC-B399E94B6AD8}.Debug|x64.ActiveCfg = Debug|Any CPU
		{0152DFE1-58D4-4BE8-ABAC-B399E94B6AD8}.Debug|x64.Build.0 = Debug|Any CPU
		{0152DFE1-58D4-4BE8-ABAC-B399E94B6AD8}.Debug|x86.ActiveCfg = Debug|Any CPU
		{0152DFE1-58D4-4BE8-ABAC-B399E94B6AD8}.Debug|x86.Build.0 = Debug|Any CPU
		{0152DFE1-58D4-4BE8-ABAC-B399E94B6AD8}.Release|Any CPU.ActiveCfg = Release|Any CPU
		{0152DFE1-58D4-4BE8-ABAC-B399E94B6AD8}.Release|Any CPU.Build.0 = Release|Any CPU
		{0152DFE1-58D4-4BE8-ABAC-B399E94B6AD8}.Release|x64.ActiveCfg = Release|Any CPU
		{0152DFE1-58D4-4BE8-ABAC-B399E94B6AD8}.Release|x64.Build.0 = Release|Any CPU
		{0152DFE1-58D4-4BE8-ABAC-B399E94B6AD8}.Release|x86.ActiveCfg = Release|Any CPU
		{0152DFE1-58D4-4BE8-ABAC-B399E94B6AD8}.Release|x86.Build.0 = Release|Any CPU
		{3904F3DB-0CBC-493E-B09E-03BD94F5054A}.Debug|Any CPU.ActiveCfg = Debug|Any CPU
		{3904F3DB-0CBC-493E-B09E-03BD94F5054A}.Debug|Any CPU.Build.0 = Debug|Any CPU
		{3904F3DB-0CBC-493E-B09E-03BD94F5054A}.Debug|x64.ActiveCfg = Debug|Any CPU
		{3904F3DB-0CBC-493E-B09E-03BD94F5054A}.Debug|x64.Build.0 = Debug|Any CPU
		{3904F3DB-0CBC-493E-B09E-03BD94F5054A}.Debug|x86.ActiveCfg = Debug|Any CPU
		{3904F3DB-0CBC-493E-B09E-03BD94F5054A}.Debug|x86.Build.0 = Debug|Any CPU
		{3904F3DB-0CBC-493E-B09E-03BD94F5054A}.Release|Any CPU.ActiveCfg = Release|Any CPU
		{3904F3DB-0CBC-493E-B09E-03BD94F5054A}.Release|Any CPU.Build.0 = Release|Any CPU
		{3904F3DB-0CBC-493E-B09E-03BD94F5054A}.Release|x64.ActiveCfg = Release|Any CPU
		{3904F3DB-0CBC-493E-B09E-03BD94F5054A}.Release|x64.Build.0 = Release|Any CPU
		{3904F3DB-0CBC-493E-B09E-03BD94F5054A}.Release|x86.ActiveCfg = Release|Any CPU
		{3904F3DB-0CBC-493E-B09E-03BD94F5054A}.Release|x86.Build.0 = Release|Any CPU
	EndGlobalSection
	GlobalSection(SolutionProperties) = preSolution
		HideSolutionNode = FALSE
	EndGlobalSection
	GlobalSection(ExtensibilityGlobals) = postSolution
		SolutionGuid = {A81A5D6E-0292-48DB-9C0F-C7CB2CBAE1E2}
	EndGlobalSection
EndGlobal
